
Microsoft Visual Studio Solution File, Format Version 12.00
# Visual Studio Version 17
VisualStudioVersion = 17.8.34408.163
MinimumVisualStudioVersion = 10.0.40219.1
Project("{9A19103F-16F7-4668-BE54-9A1E7A4F7556}") = "OpenFontSharp", "src\OpenFontSharp\OpenFontSharp.csproj", "{9DE555F8-1DB6-4C92-BDFC-F3133F571654}"
EndProject
Project("{9A19103F-16F7-4668-BE54-9A1E7A4F7556}") = "OpenFontSharp.Tests", "src\OpenFontSharp.Tests\OpenFontSharp.Tests.csproj", "{62E23679-85B0-4590-9BF3-C9C58AEB6A96}"
EndProject
Global
	GlobalSection(SolutionConfigurationPlatforms) = preSolution
		Debug|Any CPU = Debug|Any CPU
		Release|Any CPU = Release|Any CPU
	EndGlobalSection
	GlobalSection(ProjectConfigurationPlatforms) = postSolution
		{9DE555F8-1DB6-4C92-BDFC-F3133F571654}.Debug|Any CPU.ActiveCfg = Debug|Any CPU
		{9DE555F8-1DB6-4C92-BDFC-F3133F571654}.Debug|Any CPU.Build.0 = Debug|Any CPU
		{9DE555F8-1DB6-4C92-BDFC-F3133F571654}.Release|Any CPU.ActiveCfg = Release|Any CPU
		{9DE555F8-1DB6-4C92-BDFC-F3133F571654}.Release|Any CPU.Build.0 = Release|Any CPU
		{62E23679-85B0-4590-9BF3-C9C58AEB6A96}.Debug|Any CPU.ActiveCfg = Debug|Any CPU
		{62E23679-85B0-4590-9BF3-C9C58AEB6A96}.Debug|Any CPU.Build.0 = Debug|Any CPU
		{62E23679-85B0-4590-9BF3-C9C58AEB6A96}.Release|Any CPU.ActiveCfg = Release|Any CPU
		{62E23679-85B0-4590-9BF3-C9C58AEB6A96}.Release|Any CPU.Build.0 = Release|Any CPU
	EndGlobalSection
	GlobalSection(SolutionProperties) = preSolution
		HideSolutionNode = FALSE
	EndGlobalSection
	GlobalSection(ExtensibilityGlobals) = postSolution
		SolutionGuid = {D9BD99F3-FD48-46F5-A373-7EFDD344654F}
	EndGlobalSection
EndGlobal
